github.com/lionsoul2014/ip2region/binding/golang v0.0.0-20231008093706-3ef87ff7272b h1:5htBifSGhpXFOGTCfTFz0x5Kn41UyHRN6ovFGV376G8=
github.com/lionsoul2014/ip2region/binding/golang v0.0.0-20231008093706-3ef87ff7272b/go.mod h1:C5LA5UO2ZXJrLaPLYtE1wUJMiyd/nwWaCO5cw/2pSHs=
golang.org/x/crypto v0.9.0 h1:LF6fAI+IutBocDJ2OT0Q1g8plpYljMZ4+lty+dsqw3g=
golang.org/x/crypto v0.9.0/go.mod h1:yrmDGqONDYtNj3tH8X9dzUun2m2lzPa9ngI6/RUPGR0=
